
Microsoft Visual Studio Solution File, Format Version 12.00
# Visual Studio Version 17
VisualStudioVersion = 17.7.34221.43
MinimumVisualStudioVersion = 10.0.40219.1
Project("{FAE04EC0-301F-11D3-BF4B-00C04F79EFBC}") = "AvigailTestApp.Crm.Plugins.Contact", "AvigailTestApp\AvigailTestApp.Crm.Plugins.Contact.csproj", "{B53BDEE5-285E-434D-B378-1A7CD06FB789}"
EndProject
Project("{FAE04EC0-301F-11D3-BF4B-00C04F79EFBC}") = "PreValidationCreateConsent", "PreValidationCreateConsent\PreValidationCreateConsent.csproj", "{A47FACE8-D375-4306-8F4C-547523410D02}"
EndProject
Project("{FAE04EC0-301F-11D3-BF4B-00C04F79EFBC}") = "PostCreateConsent", "PostCreateConsent\PostCreateConsent.csproj", "{D6EEFA2C-F1EC-4F31-A7A9-380C3D906731}"
EndProject
Project("{FAE04EC0-301F-11D3-BF4B-00C04F79EFBC}") = "PostCreateContact", "PostCreateContact\PostCreateContact.csproj", "{927B0258-0A20-4886-AB0B-2932BCB0C80F}"
EndProject
Project("{FAE04EC0-301F-11D3-BF4B-00C04F79EFBC}") = "PreCreateConsent", "PreCreateConsent\PreCreateConsent.csproj", "{F16AECAC-8ED2-4ECF-8708-83310F1B1775}"
EndProject
Global
	GlobalSection(SolutionConfigurationPlatforms) = preSolution
		Debug|Any CPU = Debug|Any CPU
		Release|Any CPU = Release|Any CPU
	EndGlobalSection
	GlobalSection(ProjectConfigurationPlatforms) = postSolution
		{B53BDEE5-285E-434D-B378-1A7CD06FB789}.Debug|Any CPU.ActiveCfg = Debug|Any CPU
		{B53BDEE5-285E-434D-B378-1A7CD06FB789}.Debug|Any CPU.Build.0 = Debug|Any CPU
		{B53BDEE5-285E-434D-B378-1A7CD06FB789}.Release|Any CPU.ActiveCfg = Release|Any CPU
		{B53BDEE5-285E-434D-B378-1A7CD06FB789}.Release|Any CPU.Build.0 = Release|Any CPU
		{A47FACE8-D375-4306-8F4C-547523410D02}.Debug|Any CPU.ActiveCfg = Debug|Any CPU
		{A47FACE8-D375-4306-8F4C-547523410D02}.Debug|Any CPU.Build.0 = Debug|Any CPU
		{A47FACE8-D375-4306-8F4C-547523410D02}.Release|Any CPU.ActiveCfg = Release|Any CPU
		{A47FACE8-D375-4306-8F4C-547523410D02}.Release|Any CPU.Build.0 = Release|Any CPU
		{D6EEFA2C-F1EC-4F31-A7A9-380C3D906731}.Debug|Any CPU.ActiveCfg = Debug|Any CPU
		{D6EEFA2C-F1EC-4F31-A7A9-380C3D906731}.Debug|Any CPU.Build.0 = Debug|Any CPU
		{D6EEFA2C-F1EC-4F31-A7A9-380C3D906731}.Release|Any CPU.ActiveCfg = Release|Any CPU
		{D6EEFA2C-F1EC-4F31-A7A9-380C3D906731}.Release|Any CPU.Build.0 = Release|Any CPU
		{927B0258-0A20-4886-AB0B-2932BCB0C80F}.Debug|Any CPU.ActiveCfg = Debug|Any CPU
		{927B0258-0A20-4886-AB0B-2932BCB0C80F}.Debug|Any CPU.Build.0 = Debug|Any CPU
		{927B0258-0A20-4886-AB0B-2932BCB0C80F}.Release|Any CPU.ActiveCfg = Release|Any CPU
		{927B0258-0A20-4886-AB0B-2932BCB0C80F}.Release|Any CPU.Build.0 = Release|Any CPU
		{F16AECAC-8ED2-4ECF-8708-83310F1B1775}.Debug|Any CPU.ActiveCfg = Debug|Any CPU
		{F16AECAC-8ED2-4ECF-8708-83310F1B1775}.Debug|Any CPU.Build.0 = Debug|Any CPU
		{F16AECAC-8ED2-4ECF-8708-83310F1B1775}.Release|Any CPU.ActiveCfg = Release|Any CPU
		{F16AECAC-8ED2-4ECF-8708-83310F1B1775}.Release|Any CPU.Build.0 = Release|Any CPU
	EndGlobalSection
	GlobalSection(SolutionProperties) = preSolution
		HideSolutionNode = FALSE
	EndGlobalSection
	GlobalSection(ExtensibilityGlobals) = postSolution
		SolutionGuid = {9D41ABBB-A0B9-4874-8A49-5C4F467DBA7C}
	EndGlobalSection
EndGlobal
